
Microsoft Visual Studio Solution File, Format Version 12.00
# Visual Studio Version 17
VisualStudioVersion = 17.2.32317.152
MinimumVisualStudioVersion = 10.0.40219.1
Project("{9A19103F-16F7-4668-BE54-9A1E7A4F7556}") = "ChatApp.Infrastructure", "ChatApp.Infrastructure\ChatApp.Infrastructure.csproj", "{02177C1D-D7D3-47AF-9A01-23CE254870B7}"
EndProject
Project("{FAE04EC0-301F-11D3-BF4B-00C04F79EFBC}") = "ChatApp.WebAPI", "ChatApp.WebAPI\ChatApp.WebAPI.csproj", "{93721EEE-C790-45EB-A36D-5D3BF4977936}"
EndProject
Global
	GlobalSection(SolutionConfigurationPlatforms) = preSolution
		Debug|Any CPU = Debug|Any CPU
		Release|Any CPU = Release|Any CPU
	EndGlobalSection
	GlobalSection(ProjectConfigurationPlatforms) = postSolution
		{02177C1D-D7D3-47AF-9A01-23CE254870B7}.Debug|Any CPU.ActiveCfg = Debug|Any CPU
		{02177C1D-D7D3-47AF-9A01-23CE254870B7}.Debug|Any CPU.Build.0 = Debug|Any CPU
		{02177C1D-D7D3-47AF-9A01-23CE254870B7}.Release|Any CPU.ActiveCfg = Release|Any CPU
		{02177C1D-D7D3-47AF-9A01-23CE254870B7}.Release|Any CPU.Build.0 = Release|Any CPU
		{93721EEE-C790-45EB-A36D-5D3BF4977936}.Debug|Any CPU.ActiveCfg = Debug|Any CPU
		{93721EEE-C790-45EB-A36D-5D3BF4977936}.Debug|Any CPU.Build.0 = Debug|Any CPU
		{93721EEE-C790-45EB-A36D-5D3BF4977936}.Release|Any CPU.ActiveCfg = Release|Any CPU
		{93721EEE-C790-45EB-A36D-5D3BF4977936}.Release|Any CPU.Build.0 = Release|Any CPU
	EndGlobalSection
	GlobalSection(SolutionProperties) = preSolution
		HideSolutionNode = FALSE
	EndGlobalSection
	GlobalSection(ExtensibilityGlobals) = postSolution
		SolutionGuid = {96656075-3155-4CF8-AB13-238AFAC27607}
	EndGlobalSection
EndGlobal
